// !$*UTF8*$!
{
	archiveVersion = 1;
	classes = {
	};
	objectVersion = 56;
	objects = {

/* Begin PBXBuildFile section */
		4D0D2D1F2B0E5C0F00618CFF /* ToDoItemView.swift in Sources */ = {isa = PBXBuildFile; fileRef = 4D0D2D1E2B0E5C0F00618CFF /* ToDoItemView.swift */; };
		4D0D2D212B0F42A800618CFF /* Calendar.swift in Sources */ = {isa = PBXBuildFile; fileRef = 4D0D2D202B0F42A800618CFF /* Calendar.swift */; };
		4D0D2D232B0F43A200618CFF /* Detail.swift in Sources */ = {isa = PBXBuildFile; fileRef = 4D0D2D222B0F43A200618CFF /* Detail.swift */; };
		4D3861DE2B0BC4F7007E51B3 /* DetailesView.swift in Sources */ = {isa = PBXBuildFile; fileRef = 4D3861DD2B0BC4F7007E51B3 /* DetailesView.swift */; };
		4DF08CEA2B07B502003B5521 /* ModalView.swift in Sources */ = {isa = PBXBuildFile; fileRef = 4DF08CE92B07B502003B5521 /* ModalView.swift */; };
		4DF08CF22B07E8DB003B5521 /* AllView.swift in Sources */ = {isa = PBXBuildFile; fileRef = 4DF08CF12B07E8DB003B5521 /* AllView.swift */; };
		4DF6E7542B03F88A0069FEF3 /* ReminderApp.swift in Sources */ = {isa = PBXBuildFile; fileRef = 4DF6E7532B03F88A0069FEF3 /* ReminderApp.swift */; };
		4DF6E7582B03F88A0069FEF3 /* Assets.xcassets in Resources */ = {isa = PBXBuildFile; fileRef = 4DF6E7572B03F88A0069FEF3 /* Assets.xcassets */; };
		4DF6E75B2B03F88A0069FEF3 /* Preview Assets.xcassets in Resources */ = {isa = PBXBuildFile; fileRef = 4DF6E75A2B03F88A0069FEF3 /* Preview Assets.xcassets */; };
		4DF6E7622B040ED70069FEF3 /* HomeScreen.swift in Sources */ = {isa = PBXBuildFile; fileRef = 4DF6E7612B040ED70069FEF3 /* HomeScreen.swift */; };
		4DF6E7672B05263A0069FEF3 /* RemindersView.swift in Sources */ = {isa = PBXBuildFile; fileRef = 4DF6E7662B05263A0069FEF3 /* RemindersView.swift */; };
/* End PBXBuildFile section */

/* Begin PBXFileReference section */
		4D0D2D1E2B0E5C0F00618CFF /* ToDoItemView.swift */ = {isa = PBXFileReference; lastKnownFileType = sourcecode.swift; path = ToDoItemView.swift; sourceTree = "<group>"; };
		4D0D2D202B0F42A800618CFF /* Calendar.swift */ = {isa = PBXFileReference; lastKnownFileType = sourcecode.swift; path = Calendar.swift; sourceTree = "<group>"; };
		4D0D2D222B0F43A200618CFF /* Detail.swift */ = {isa = PBXFileReference; lastKnownFileType = sourcecode.swift; path = Detail.swift; sourceTree = "<group>"; };
		4D3861DD2B0BC4F7007E51B3 /* DetailesView.swift */ = {isa = PBXFileReference; lastKnownFileType = sourcecode.swift; path = DetailesView.swift; sourceTree = "<group>"; };
		4DF08CE92B07B502003B5521 /* ModalView.swift */ = {isa = PBXFileReference; lastKnownFileType = sourcecode.swift; path = ModalView.swift; sourceTree = "<group>"; };
		4DF08CF12B07E8DB003B5521 /* AllView.swift */ = {isa = PBXFileReference; lastKnownFileType = sourcecode.swift; path = AllView.swift; sourceTree = "<group>"; };
		4DF6E7502B03F88A0069FEF3 /* Reminder.app */ = {isa = PBXFileReference; explicitFileType = wrapper.application; includeInIndex = 0; path = Reminder.app; sourceTree = BUILT_PRODUCTS_DIR; };
		4DF6E7532B03F88A0069FEF3 /* ReminderApp.swift */ = {isa = PBXFileReference; lastKnownFileType = sourcecode.swift; path = ReminderApp.swift; sourceTree = "<group>"; };
		4DF6E7572B03F88A0069FEF3 /* Assets.xcassets */ = {isa = PBXFileReference; lastKnownFileType = folder.assetcatalog; path = Assets.xcassets; sourceTree = "<group>"; };
		4DF6E75A2B03F88A0069FEF3 /* Preview Assets.xcassets */ = {isa = PBXFileReference; lastKnownFileType = folder.assetcatalog; path = "Preview Assets.xcassets"; sourceTree = "<group>"; };
		4DF6E7612B040ED70069FEF3 /* HomeScreen.swift */ = {isa = PBXFileReference; lastKnownFileType = sourcecode.swift; path = HomeScreen.swift; sourceTree = "<group>"; };
		4DF6E7662B05263A0069FEF3 /* RemindersView.swift */ = {isa = PBXFileReference; lastKnownFileType = sourcecode.swift; path = RemindersView.swift; sourceTree = "<group>"; };
/* End PBXFileReference section */

/* Begin PBXFrameworksBuildPhase section */
		4DF6E74D2B03F88A0069FEF3 /* Frameworks */ = {
			isa = PBXFrameworksBuildPhase;
			buildActionMask = 2147483647;
			files = (
			);
			runOnlyForDeploymentPostprocessing = 0;
		};
/* End PBXFrameworksBuildPhase section */

/* Begin PBXGroup section */
		4DF6E7472B03F88A0069FEF3 = {
			isa = PBXGroup;
			children = (
				4D0D2D222B0F43A200618CFF /* Detail.swift */,
				4D0D2D202B0F42A800618CFF /* Calendar.swift */,
				4DF6E7522B03F88A0069FEF3 /* Reminder */,
				4DF6E7512B03F88A0069FEF3 /* Products */,
			);
			sourceTree = "<group>";
		};
		4DF6E7512B03F88A0069FEF3 /* Products */ = {
			isa = PBXGroup;
			children = (
				4DF6E7502B03F88A0069FEF3 /* Reminder.app */,
			);
			name = Products;
			sourceTree = "<group>";
		};
		4DF6E7522B03F88A0069FEF3 /* Reminder */ = {
			isa = PBXGroup;
			children = (
				4DF6E7532B03F88A0069FEF3 /* ReminderApp.swift */,
				4DF6E7612B040ED70069FEF3 /* HomeScreen.swift */,
				4DF6E7632B0411AC0069FEF3 /* Views */,
				4DF6E7572B03F88A0069FEF3 /* Assets.xcassets */,
				4DF6E7592B03F88A0069FEF3 /* Preview Content */,
			);
			path = Reminder;
			sourceTree = "<group>";
		};
		4DF6E7592B03F88A0069FEF3 /* Preview Content */ = {
			isa = PBXGroup;
			children = (
				4DF6E75A2B03F88A0069FEF3 /* Preview Assets.xcassets */,
			);
			path = "Preview Content";
			sourceTree = "<group>";
		};
		4DF6E7632B0411AC0069FEF3 /* Views */ = {
			isa = PBXGroup;
			children = (
				4DF08CE92B07B502003B5521 /* ModalView.swift */,
				4D3861DD2B0BC4F7007E51B3 /* DetailesView.swift */,
				4DF08CF12B07E8DB003B5521 /* AllView.swift */,
				4DF6E7662B05263A0069FEF3 /* RemindersView.swift */,
				4D0D2D1E2B0E5C0F00618CFF /* ToDoItemView.swift */,
			);
			path = Views;
			sourceTree = "<group>";
		};
/* End PBXGroup section */

/* Begin PBXNativeTarget section */
		4DF6E74F2B03F88A0069FEF3 /* Reminder */ = {
			isa = PBXNativeTarget;
			buildConfigurationList = 4DF6E75E2B03F88A0069FEF3 /* Build configuration list for PBXNativeTarget "Reminder" */;
			buildPhases = (
				4DF6E74C2B03F88A0069FEF3 /* Sources */,
				4DF6E74D2B03F88A0069FEF3 /* Frameworks */,
				4DF6E74E2B03F88A0069FEF3 /* Resources */,
			);
			buildRules = (
			);
			dependencies = (
			);
			name = Reminder;
			productName = Reminder;
			productReference = 4DF6E7502B03F88A0069FEF3 /* Reminder.app */;
			productType = "com.apple.product-type.application";
		};
/* End PBXNativeTarget section */

/* Begin PBXProject section */
		4DF6E7482B03F88A0069FEF3 /* Project object */ = {
			isa = PBXProject;
			attributes = {
				BuildIndependentTargetsInParallel = 1;
				LastSwiftUpdateCheck = 1500;
				LastUpgradeCheck = 1500;
				TargetAttributes = {
					4DF6E74F2B03F88A0069FEF3 = {
						CreatedOnToolsVersion = 15.0;
					};
				};
			};
			buildConfigurationList = 4DF6E74B2B03F88A0069FEF3 /* Build configuration list for PBXProject "Reminder" */;
			compatibilityVersion = "Xcode 14.0";
			developmentRegion = en;
			hasScannedForEncodings = 0;
			knownRegions = (
				en,
				Base,
			);
			mainGroup = 4DF6E7472B03F88A0069FEF3;
			productRefGroup = 4DF6E7512B03F88A0069FEF3 /* Products */;
			projectDirPath = "";
			projectRoot = "";
			targets = (
				4DF6E74F2B03F88A0069FEF3 /* Reminder */,
			);
		};
/* End PBXProject section */

/* Begin PBXResourcesBuildPhase section */
		4DF6E74E2B03F88A0069FEF3 /* Resources */ = {
			isa = PBXResourcesBuildPhase;
			buildActionMask = 2147483647;
			files = (
				4DF6E75B2B03F88A0069FEF3 /* Preview Assets.xcassets in Resources */,
				4DF6E7582B03F88A0069FEF3 /* Assets.xcassets in Resources */,
			);
			runOnlyForDeploymentPostprocessing = 0;
		};
/* End PBXResourcesBuildPhase section */

/* Begin PBXSourcesBuildPhase section */
		4DF6E74C2B03F88A0069FEF3 /* Sources */ = {
			isa = PBXSourcesBuildPhase;
			buildActionMask = 2147483647;
			files = (
				4DF6E7542B03F88A0069FEF3 /* ReminderApp.swift in Sources */,
				4D0D2D212B0F42A800618CFF /* Calendar.swift in Sources */,
				4D3861DE2B0BC4F7007E51B3 /* DetailesView.swift in Sources */,
				4DF6E7622B040ED70069FEF3 /* HomeScreen.swift in Sources */,
				4DF08CEA2B07B502003B5521 /* ModalView.swift in Sources */,
				4DF6E7672B05263A0069FEF3 /* RemindersView.swift in Sources */,
				4D0D2D232B0F43A200618CFF /* Detail.swift in Sources */,
				4D0D2D1F2B0E5C0F00618CFF /* ToDoItemView.swift in Sources */,
				4DF08CF22B07E8DB003B5521 /* AllView.swift in Sources */,
			);
			runOnlyForDeploymentPostprocessing = 0;
		};
/* End PBXSourcesBuildPhase section */

/* Begin XCBuildConfiguration section */
		4DF6E75C2B03F88A0069FEF3 /* Debug */ = {
			isa = XCBuildConfiguration;
			buildSettings = {
				ALWAYS_SEARCH_USER_PATHS = NO;
				ASSETCATALOG_COMPILER_GENERATE_SWIFT_ASSET_SYMBOL_EXTENSIONS = YES;
				CLANG_ANALYZER_NONNULL = YES;
				CLANG_ANALYZER_NUMBER_OBJECT_CONVERSION = YES_AGGRESSIVE;
				CLANG_CXX_LANGUAGE_STANDARD = "gnu++20";
				CLANG_ENABLE_MODULES = YES;
				CLANG_ENABLE_OBJC_ARC = YES;
				CLANG_ENABLE_OBJC_WEAK = YES;
				CLANG_WARN_BLOCK_CAPTURE_AUTORELEASING = YES;
				CLANG_WARN_BOOL_CONVERSION = YES;
				CLANG_WARN_COMMA = YES;
				CLANG_WARN_CONSTANT_CONVERSION = YES;
				CLANG_WARN_DEPRECATED_OBJC_IMPLEMENTATIONS = YES;
				CLANG_WARN_DIRECT_OBJC_ISA_USAGE = YES_ERROR;
				CLANG_WARN_DOCUMENTATION_COMMENTS = YES;
				CLANG_WARN_EMPTY_BODY = YES;
				CLANG_WARN_ENUM_CONVERSION = YES;
				CLANG_WARN_INFINITE_RECURSION = YES;
				CLANG_WARN_INT_CONVERSION = YES;
				CLANG_WARN_NON_LITERAL_NULL_CONVERSION = YES;
				CLANG_WARN_OBJC_IMPLICIT_RETAIN_SELF = YES;
				CLANG_WARN_OBJC_LITERAL_CONVERSION = YES;
				CLANG_WARN_OBJC_ROOT_CLASS = YES_ERROR;
				CLANG_WARN_QUOTED_INCLUDE_IN_FRAMEWORK_HEADER = YES;
				CLANG_WARN_RANGE_LOOP_ANALYSIS = YES;
				CLANG_WARN_STRICT_PROTOTYPES = YES;
				CLANG_WARN_SUSPICIOUS_MOVE = YES;
				CLANG_WARN_UNGUARDED_AVAILABILITY = YES_AGGRESSIVE;
				CLANG_WARN_UNREACHABLE_CODE = YES;
				CLANG_WARN__DUPLICATE_METHOD_MATCH = YES;
				COPY_PHASE_STRIP = NO;
				DEBUG_INFORMATION_FORMAT = dwarf;
				ENABLE_STRICT_OBJC_MSGSEND = YES;
				ENABLE_TESTABILITY = YES;
				ENABLE_USER_SCRIPT_SANDBOXING = YES;
				GCC_C_LANGUAGE_STANDARD = gnu17;
				GCC_DYNAMIC_NO_PIC = NO;
				GCC_NO_COMMON_BLOCKS = YES;
				GCC_OPTIMIZATION_LEVEL = 0;
				GCC_PREPROCESSOR_DEFINITIONS = (
					"DEBUG=1",
					"$(inherited)",
				);
				GCC_WARN_64_TO_32_BIT_CONVERSION = YES;
				GCC_WARN_ABOUT_RETURN_TYPE = YES_ERROR;
				GCC_WARN_UNDECLARED_SELECTOR = YES;
				GCC_WARN_UNINITIALIZED_AUTOS = YES_AGGRESSIVE;
				GCC_WARN_UNUSED_FUNCTION = YES;
				GCC_WARN_UNUSED_VARIABLE = YES;
				IPHONEOS_DEPLOYMENT_TARGET = 17.0;
				LOCALIZATION_PREFERS_STRING_CATALOGS = YES;
				MTL_ENABLE_DEBUG_INFO = INCLUDE_SOURCE;
				MTL_FAST_MATH = YES;
				ONLY_ACTIVE_ARCH = YES;
				SDKROOT = iphoneos;
				SWIFT_ACTIVE_COMPILATION_CONDITIONS = "DEBUG $(inherited)";
				SWIFT_OPTIMIZATION_LEVEL = "-Onone";
			};
			name = Debug;
		};
		4DF6E75D2B03F88A0069FEF3 /* Release */ = {
			isa = XCBuildConfiguration;
			buildSettings = {
				ALWAYS_SEARCH_USER_PATHS = NO;
				ASSETCATALOG_COMPILER_GENERATE_SWIFT_ASSET_SYMBOL_EXTENSIONS = YES;
				CLANG_ANALYZER_NONNULL = YES;
				CLANG_ANALYZER_NUMBER_OBJECT_CONVERSION = YES_AGGRESSIVE;
				CLANG_CXX_LANGUAGE_STANDARD = "gnu++20";
				CLANG_ENABLE_MODULES = YES;
				CLANG_ENABLE_OBJC_ARC = YES;
				CLANG_ENABLE_OBJC_WEAK = YES;
				CLANG_WARN_BLOCK_CAPTURE_AUTORELEASING = YES;
				CLANG_WARN_BOOL_CONVERSION = YES;
				CLANG_WARN_COMMA = YES;
				CLANG_WARN_CONSTANT_CONVERSION = YES;
				CLANG_WARN_DEPRECATED_OBJC_IMPLEMENTATIONS = YES;
				CLANG_WARN_DIRECT_OBJC_ISA_USAGE = YES_ERROR;
				CLANG_WARN_DOCUMENTATION_COMMENTS = YES;
				CLANG_WARN_EMPTY_BODY = YES;
				CLANG_WARN_ENUM_CONVERSION = YES;
				CLANG_WARN_INFINITE_RECURSION = YES;
				CLANG_WARN_INT_CONVERSION = YES;
				CLANG_WARN_NON_LITERAL_NULL_CONVERSION = YES;
				CLANG_WARN_OBJC_IMPLICIT_RETAIN_SELF = YES;
				CLANG_WARN_OBJC_LITERAL_CONVERSION = YES;
				CLANG_WARN_OBJC_ROOT_CLASS = YES_ERROR;
				CLANG_WARN_QUOTED_INCLUDE_IN_FRAMEWORK_HEADER = YES;
				CLANG_WARN_RANGE_LOOP_ANALYSIS = YES;
				CLANG_WARN_STRICT_PROTOTYPES = YES;
				CLANG_WARN_SUSPICIOUS_MOVE = YES;
				CLANG_WARN_UNGUARDED_AVAILABILITY = YES_AGGRESSIVE;
				CLANG_WARN_UNREACHABLE_CODE = YES;
				CLANG_WARN__DUPLICATE_METHOD_MATCH = YES;
				COPY_PHASE_STRIP = NO;
				DEBUG_INFORMATION_FORMAT = "dwarf-with-dsym";
				ENABLE_NS_ASSERTIONS = NO;
				ENABLE_STRICT_OBJC_MSGSEND = YES;
				ENABLE_USER_SCRIPT_SANDBOXING = YES;
				GCC_C_LANGUAGE_STANDARD = gnu17;
				GCC_NO_COMMON_BLOCKS = YES;
				GCC_WARN_64_TO_32_BIT_CONVERSION = YES;
				GCC_WARN_ABOUT_RETURN_TYPE = YES_ERROR;
				GCC_WARN_UNDECLARED_SELECTOR = YES;
				GCC_WARN_UNINITIALIZED_AUTOS = YES_AGGRESSIVE;
				GCC_WARN_UNUSED_FUNCTION = YES;
				GCC_WARN_UNUSED_VARIABLE = YES;
				IPHONEOS_DEPLOYMENT_TARGET = 17.0;
				LOCALIZATION_PREFERS_STRING_CATALOGS = YES;
				MTL_ENABLE_DEBUG_INFO = NO;
				MTL_FAST_MATH = YES;
				SDKROOT = iphoneos;
				SWIFT_COMPILATION_MODE = wholemodule;
				VALIDATE_PRODUCT = YES;
			};
			name = Release;
		};
		4DF6E75F2B03F88A0069FEF3 /* Debug */ = {
			isa = XCBuildConfiguration;
			buildSettings = {
				ASSETCATALOG_COMPILER_APPICON_NAME = AppIcon;
				ASSETCATALOG_COMPILER_GLOBAL_ACCENT_COLOR_NAME = AccentColor;
				CODE_SIGN_STYLE = Automatic;
				CURRENT_PROJECT_VERSION = 1;
				DEVELOPMENT_ASSET_PATHS = "\"Reminder/Preview Content\"";
				DEVELOPMENT_TEAM = A67ZD7T922;
				ENABLE_PREVIEWS = YES;
				GENERATE_INFOPLIST_FILE = YES;
				INFOPLIST_KEY_UIApplicationSceneManifest_Generation = YES;
				INFOPLIST_KEY_UIApplicationSupportsIndirectInputEvents = YES;
				INFOPLIST_KEY_UILaunchScreen_Generation = YES;
				INFOPLIST_KEY_UISupportedInterfaceOrientations_iPad = "UIInterfaceOrientationPortrait UIInterfaceOrientationPortraitUpsideDown UIInterfaceOrientationLandscapeLeft UIInterfaceOrientationLandscapeRight";
				INFOPLIST_KEY_UISupportedInterfaceOrientations_iPhone = "UIInterfaceOrientationPortrait UIInterfaceOrientationLandscapeLeft UIInterfaceOrientationLandscapeRight";
				LD_RUNPATH_SEARCH_PATHS = (
					"$(inherited)",
					"@executable_path/Frameworks",
				);
				MARKETING_VERSION = 1.0;
				PRODUCT_BUNDLE_IDENTIFIER = "apple-developer-academy.Reminder";
				PRODUCT_NAME = "$(TARGET_NAME)";
				SWIFT_EMIT_LOC_STRINGS = YES;
				SWIFT_VERSION = 5.0;
				TARGETED_DEVICE_FAMILY = "1,2";
			};
			name = Debug;
		};
		4DF6E7602B03F88A0069FEF3 /* Release */ = {
			isa = XCBuildConfiguration;
			buildSettings = {
				ASSETCATALOG_COMPILER_APPICON_NAME = AppIcon;
				ASSETCATALOG_COMPILER_GLOBAL_ACCENT_COLOR_NAME = AccentColor;
				CODE_SIGN_STYLE = Automatic;
				CURRENT_PROJECT_VERSION = 1;
				DEVELOPMENT_ASSET_PATHS = "\"Reminder/Preview Content\"";
				DEVELOPMENT_TEAM = A67ZD7T922;
				ENABLE_PREVIEWS = YES;
				GENERATE_INFOPLIST_FILE = YES;
				INFOPLIST_KEY_UIApplicationSceneManifest_Generation = YES;
				INFOPLIST_KEY_UIApplicationSupportsIndirectInputEvents = YES;
				INFOPLIST_KEY_UILaunchScreen_Generation = YES;
				INFOPLIST_KEY_UISupportedInterfaceOrientations_iPad = "UIInterfaceOrientationPortrait UIInterfaceOrientationPortraitUpsideDown UIInterfaceOrientationLandscapeLeft UIInterfaceOrientationLandscapeRight";
				INFOPLIST_KEY_UISupportedInterfaceOrientations_iPhone = "UIInterfaceOrientationPortrait UIInterfaceOrientationLandscapeLeft UIInterfaceOrientationLandscapeRight";
				LD_RUNPATH_SEARCH_PATHS = (
					"$(inherited)",
					"@executable_path/Frameworks",
				);
				MARKETING_VERSION = 1.0;
				PRODUCT_BUNDLE_IDENTIFIER = "apple-developer-academy.Reminder";
				PRODUCT_NAME = "$(TARGET_NAME)";
				SWIFT_EMIT_LOC_STRINGS = YES;
				SWIFT_VERSION = 5.0;
				TARGETED_DEVICE_FAMILY = "1,2";
			};
			name = Release;
		};
/* End XCBuildConfiguration section */

/* Begin XCConfigurationList section */
		4DF6E74B2B03F88A0069FEF3 /* Build configuration list for PBXProject "Reminder" */ = {
			isa = XCConfigurationList;
			buildConfigurations = (
				4DF6E75C2B03F88A0069FEF3 /* Debug */,
				4DF6E75D2B03F88A0069FEF3 /* Release */,
			);
			defaultConfigurationIsVisible = 0;
			defaultConfigurationName = Release;
		};
		4DF6E75E2B03F88A0069FEF3 /* Build configuration list for PBXNativeTarget "Reminder" */ = {
			isa = XCConfigurationList;
			buildConfigurations = (
				4DF6E75F2B03F88A0069FEF3 /* Debug */,
				4DF6E7602B03F88A0069FEF3 /* Release */,
			);
			defaultConfigurationIsVisible = 0;
			defaultConfigurationName = Release;
		};
/* End XCConfigurationList section */
	};
	rootObject = 4DF6E7482B03F88A0069FEF3 /* Project object */;
}
